// !$*UTF8*$!
{
	archiveVersion = 1;
	classes = {
	};
	objectVersion = 46;
	objects = {

/* Begin PBXBuildFile section */
		ED6B2DDA1DC1D50300AB2AF8 /* MJExtensionConst.m in Sources */ = {isa = PBXBuildFile; fileRef = ED6B2DC71DC1D50300AB2AF8 /* MJExtensionConst.m */; };
		ED6B2DDB1DC1D50300AB2AF8 /* MJFoundation.m in Sources */ = {isa = PBXBuildFile; fileRef = ED6B2DC91DC1D50300AB2AF8 /* MJFoundation.m */; };
		ED6B2DDC1DC1D50300AB2AF8 /* MJProperty.m in Sources */ = {isa = PBXBuildFile; fileRef = ED6B2DCB1DC1D50300AB2AF8 /* MJProperty.m */; };
		ED6B2DDD1DC1D50300AB2AF8 /* MJPropertyKey.m in Sources */ = {isa = PBXBuildFile; fileRef = ED6B2DCD1DC1D50300AB2AF8 /* MJPropertyKey.m */; };
		ED6B2DDE1DC1D50300AB2AF8 /* MJPropertyType.m in Sources */ = {isa = PBXBuildFile; fileRef = ED6B2DCF1DC1D50300AB2AF8 /* MJPropertyType.m */; };
		ED6B2DDF1DC1D50300AB2AF8 /* NSObject+MJClass.m in Sources */ = {isa = PBXBuildFile; fileRef = ED6B2DD11DC1D50300AB2AF8 /* NSObject+MJClass.m */; };
		ED6B2DE01DC1D50300AB2AF8 /* NSObject+MJCoding.m in Sources */ = {isa = PBXBuildFile; fileRef = ED6B2DD31DC1D50300AB2AF8 /* NSObject+MJCoding.m */; };
		ED6B2DE11DC1D50300AB2AF8 /* NSObject+MJKeyValue.m in Sources */ = {isa = PBXBuildFile; fileRef = ED6B2DD51DC1D50300AB2AF8 /* NSObject+MJKeyValue.m */; };
		ED6B2DE21DC1D50300AB2AF8 /* NSObject+MJProperty.m in Sources */ = {isa = PBXBuildFile; fileRef = ED6B2DD71DC1D50300AB2AF8 /* NSObject+MJProperty.m */; };
		ED6B2DE31DC1D50300AB2AF8 /* NSString+MJExtension.m in Sources */ = {isa = PBXBuildFile; fileRef = ED6B2DD91DC1D50300AB2AF8 /* NSString+MJExtension.m */; };
		ED6B2DE61DC1D52300AB2AF8 /* XBTestModel.m in Sources */ = {isa = PBXBuildFile; fileRef = ED6B2DE51DC1D52300AB2AF8 /* XBTestModel.m */; };
		EDF727031DC034C4006E6DF1 /* main.m in Sources */ = {isa = PBXBuildFile; fileRef = EDF727021DC034C4006E6DF1 /* main.m */; };
		EDF727061DC034C4006E6DF1 /* AppDelegate.m in Sources */ = {isa = PBXBuildFile; fileRef = EDF727051DC034C4006E6DF1 /* AppDelegate.m */; };
		EDF727091DC034C4006E6DF1 /* ViewController.m in Sources */ = {isa = PBXBuildFile; fileRef = EDF727081DC034C4006E6DF1 /* ViewController.m */; };
		EDF7270C1DC034C4006E6DF1 /* Main.storyboard in Resources */ = {isa = PBXBuildFile; fileRef = EDF7270A1DC034C4006E6DF1 /* Main.storyboard */; };
		EDF7270E1DC034C4006E6DF1 /* Assets.xcassets in Resources */ = {isa = PBXBuildFile; fileRef = EDF7270D1DC034C4006E6DF1 /* Assets.xcassets */; };
		EDF727111DC034C4006E6DF1 /* LaunchScreen.storyboard in Resources */ = {isa = PBXBuildFile; fileRef = EDF7270F1DC034C4006E6DF1 /* LaunchScreen.storyboard */; };
		EDF7271B1DC034E7006E6DF1 /* XBHttpHandle.m in Sources */ = {isa = PBXBuildFile; fileRef = EDF7271A1DC034E7006E6DF1 /* XBHttpHandle.m */; };
		EDF7271E1DC04D83006E6DF1 /* XBHttpHandleDownTaskModel.m in Sources */ = {isa = PBXBuildFile; fileRef = EDF7271D1DC04D83006E6DF1 /* XBHttpHandleDownTaskModel.m */; };
		EDF727501DC0CB9E006E6DF1 /* XBViewController.m in Sources */ = {isa = PBXBuildFile; fileRef = EDF7274E1DC0CB9E006E6DF1 /* XBViewController.m */; };
		EDF727511DC0CB9E006E6DF1 /* XBViewController.xib in Resources */ = {isa = PBXBuildFile; fileRef = EDF7274F1DC0CB9E006E6DF1 /* XBViewController.xib */; };
/* End PBXBuildFile section */

/* Begin PBXFileReference section */
		ED6B2DC51DC1D50300AB2AF8 /* MJExtension.h */ = {isa = PBXFileReference; fileEncoding = 4; lastKnownFileType = sourcecode.c.h; path = MJExtension.h; sourceTree = "<group>"; };
		ED6B2DC61DC1D50300AB2AF8 /* MJExtensionConst.h */ = {isa = PBXFileReference; fileEncoding = 4; lastKnownFileType = sourcecode.c.h; path = MJExtensionConst.h; sourceTree = "<group>"; };
		ED6B2DC71DC1D50300AB2AF8 /* MJExtensionConst.m */ = {isa = PBXFileReference; fileEncoding = 4; lastKnownFileType = sourcecode.c.objc; path = MJExtensionConst.m; sourceTree = "<group>"; };
		ED6B2DC81DC1D50300AB2AF8 /* MJFoundation.h */ = {isa = PBXFileReference; fileEncoding = 4; lastKnownFileType = sourcecode.c.h; path = MJFoundation.h; sourceTree = "<group>"; };
		ED6B2DC91DC1D50300AB2AF8 /* MJFoundation.m */ = {isa = PBXFileReference; fileEncoding = 4; lastKnownFileType = sourcecode.c.objc; path = MJFoundation.m; sourceTree = "<group>"; };
		ED6B2DCA1DC1D50300AB2AF8 /* MJProperty.h */ = {isa = PBXFileReference; fileEncoding = 4; lastKnownFileType = sourcecode.c.h; path = MJProperty.h; sourceTree = "<group>"; };
		ED6B2DCB1DC1D50300AB2AF8 /* MJProperty.m */ = {isa = PBXFileReference; fileEncoding = 4; lastKnownFileType = sourcecode.c.objc; path = MJProperty.m; sourceTree = "<group>"; };
		ED6B2DCC1DC1D50300AB2AF8 /* MJPropertyKey.h */ = {isa = PBXFileReference; fileEncoding = 4; lastKnownFileType = sourcecode.c.h; path = MJPropertyKey.h; sourceTree = "<group>"; };
		ED6B2DCD1DC1D50300AB2AF8 /* MJPropertyKey.m */ = {isa = PBXFileReference; fileEncoding = 4; lastKnownFileType = sourcecode.c.objc; path = MJPropertyKey.m; sourceTree = "<group>"; };
		ED6B2DCE1DC1D50300AB2AF8 /* MJPropertyType.h */ = {isa = PBXFileReference; fileEncoding = 4; lastKnownFileType = sourcecode.c.h; path = MJPropertyType.h; sourceTree = "<group>"; };
		ED6B2DCF1DC1D50300AB2AF8 /* MJPropertyType.m */ = {isa = PBXFileReference; fileEncoding = 4; lastKnownFileType = sourcecode.c.objc; path = MJPropertyType.m; sourceTree = "<group>"; };
		ED6B2DD01DC1D50300AB2AF8 /* NSObject+MJClass.h */ = {isa = PBXFileReference; fileEncoding = 4; lastKnownFileType = sourcecode.c.h; path = "NSObject+MJClass.h"; sourceTree = "<group>"; };
		ED6B2DD11DC1D50300AB2AF8 /* NSObject+MJClass.m */ = {isa = PBXFileReference; fileEncoding = 4; lastKnownFileType = sourcecode.c.objc; path = "NSObject+MJClass.m"; sourceTree = "<group>"; };
		ED6B2DD21DC1D50300AB2AF8 /* NSObject+MJCoding.h */ = {isa = PBXFileReference; fileEncoding = 4; lastKnownFileType = sourcecode.c.h; path = "NSObject+MJCoding.h"; sourceTree = "<group>"; };
		ED6B2DD31DC1D50300AB2AF8 /* NSObject+MJCoding.m */ = {isa = PBXFileReference; fileEncoding = 4; lastKnownFileType = sourcecode.c.objc; path = "NSObject+MJCoding.m"; sourceTree = "<group>"; };
		ED6B2DD41DC1D50300AB2AF8 /* NSObject+MJKeyValue.h */ = {isa = PBXFileReference; fileEncoding = 4; lastKnownFileType = sourcecode.c.h; path = "NSObject+MJKeyValue.h"; sourceTree = "<group>"; };
		ED6B2DD51DC1D50300AB2AF8 /* NSObject+MJKeyValue.m */ = {isa = PBXFileReference; fileEncoding = 4; lastKnownFileType = sourcecode.c.objc; path = "NSObject+MJKeyValue.m"; sourceTree = "<group>"; };
		ED6B2DD61DC1D50300AB2AF8 /* NSObject+MJProperty.h */ = {isa = PBXFileReference; fileEncoding = 4; lastKnownFileType = sourcecode.c.h; path = "NSObject+MJProperty.h"; sourceTree = "<group>"; };
		ED6B2DD71DC1D50300AB2AF8 /* NSObject+MJProperty.m */ = {isa = PBXFileReference; fileEncoding = 4; lastKnownFileType = sourcecode.c.objc; path = "NSObject+MJProperty.m"; sourceTree = "<group>"; };
		ED6B2DD81DC1D50300AB2AF8 /* NSString+MJExtension.h */ = {isa = PBXFileReference; fileEncoding = 4; lastKnownFileType = sourcecode.c.h; path = "NSString+MJExtension.h"; sourceTree = "<group>"; };
		ED6B2DD91DC1D50300AB2AF8 /* NSString+MJExtension.m */ = {isa = PBXFileReference; fileEncoding = 4; lastKnownFileType = sourcecode.c.objc; path = "NSString+MJExtension.m"; sourceTree = "<group>"; };
		ED6B2DE41DC1D52300AB2AF8 /* XBTestModel.h */ = {isa = PBXFileReference; fileEncoding = 4; lastKnownFileType = sourcecode.c.h; path = XBTestModel.h; sourceTree = "<group>"; };
		ED6B2DE51DC1D52300AB2AF8 /* XBTestModel.m */ = {isa = PBXFileReference; fileEncoding = 4; lastKnownFileType = sourcecode.c.objc; path = XBTestModel.m; sourceTree = "<group>"; };
		EDF726FE1DC034C4006E6DF1 /* XBHttpHandle.app */ = {isa = PBXFileReference; explicitFileType = wrapper.application; includeInIndex = 0; path = XBHttpHandle.app; sourceTree = BUILT_PRODUCTS_DIR; };
		EDF727021DC034C4006E6DF1 /* main.m */ = {isa = PBXFileReference; lastKnownFileType = sourcecode.c.objc; path = main.m; sourceTree = "<group>"; };
		EDF727041DC034C4006E6DF1 /* AppDelegate.h */ = {isa = PBXFileReference; lastKnownFileType = sourcecode.c.h; path = AppDelegate.h; sourceTree = "<group>"; };
		EDF727051DC034C4006E6DF1 /* AppDelegate.m */ = {isa = PBXFileReference; lastKnownFileType = sourcecode.c.objc; path = AppDelegate.m; sourceTree = "<group>"; };
		EDF727071DC034C4006E6DF1 /* ViewController.h */ = {isa = PBXFileReference; lastKnownFileType = sourcecode.c.h; path = ViewController.h; sourceTree = "<group>"; };
		EDF727081DC034C4006E6DF1 /* ViewController.m */ = {isa = PBXFileReference; lastKnownFileType = sourcecode.c.objc; path = ViewController.m; sourceTree = "<group>"; };
		EDF7270B1DC034C4006E6DF1 /* Base */ = {isa = PBXFileReference; lastKnownFileType = file.storyboard; name = Base; path = Base.lproj/Main.storyboard; sourceTree = "<group>"; };
		EDF7270D1DC034C4006E6DF1 /* Assets.xcassets */ = {isa = PBXFileReference; lastKnownFileType = folder.assetcatalog; path = Assets.xcassets; sourceTree = "<group>"; };
		EDF727101DC034C4006E6DF1 /* Base */ = {isa = PBXFileReference; lastKnownFileType = file.storyboard; name = Base; path = Base.lproj/LaunchScreen.storyboard; sourceTree = "<group>"; };
		EDF727121DC034C4006E6DF1 /* Info.plist */ = {isa = PBXFileReference; lastKnownFileType = text.plist.xml; path = Info.plist; sourceTree = "<group>"; };
		EDF727191DC034E7006E6DF1 /* XBHttpHandle.h */ = {isa = PBXFileReference; fileEncoding = 4; lastKnownFileType = sourcecode.c.h; path = XBHttpHandle.h; sourceTree = "<group>"; };
		EDF7271A1DC034E7006E6DF1 /* XBHttpHandle.m */ = {isa = PBXFileReference; fileEncoding = 4; lastKnownFileType = sourcecode.c.objc; path = XBHttpHandle.m; sourceTree = "<group>"; };
		EDF7271C1DC04D83006E6DF1 /* XBHttpHandleDownTaskModel.h */ = {isa = PBXFileReference; fileEncoding = 4; lastKnownFileType = sourcecode.c.h; path = XBHttpHandleDownTaskModel.h; sourceTree = "<group>"; };
		EDF7271D1DC04D83006E6DF1 /* XBHttpHandleDownTaskModel.m */ = {isa = PBXFileReference; fileEncoding = 4; lastKnownFileType = sourcecode.c.objc; path = XBHttpHandleDownTaskModel.m; sourceTree = "<group>"; };
		EDF7274D1DC0CB9E006E6DF1 /* XBViewController.h */ = {isa = PBXFileReference; fileEncoding = 4; lastKnownFileType = sourcecode.c.h; path = XBViewController.h; sourceTree = "<group>"; };
		EDF7274E1DC0CB9E006E6DF1 /* XBViewController.m */ = {isa = PBXFileReference; fileEncoding = 4; lastKnownFileType = sourcecode.c.objc; path = XBViewController.m; sourceTree = "<group>"; };
		EDF7274F1DC0CB9E006E6DF1 /* XBViewController.xib */ = {isa = PBXFileReference; fileEncoding = 4; lastKnownFileType = file.xib; path = XBViewController.xib; sourceTree = "<group>"; };
/* End PBXFileReference section */

/* Begin PBXFrameworksBuildPhase section */
		EDF726FB1DC034C4006E6DF1 /* Frameworks */ = {
			isa = PBXFrameworksBuildPhase;
			buildActionMask = 2147483647;
			files = (
			);
			runOnlyForDeploymentPostprocessing = 0;
		};
/* End PBXFrameworksBuildPhase section */

/* Begin PBXGroup section */
		ED6B2DC41DC1D50300AB2AF8 /* MJExtension */ = {
			isa = PBXGroup;
			children = (
				ED6B2DC51DC1D50300AB2AF8 /* MJExtension.h */,
				ED6B2DC61DC1D50300AB2AF8 /* MJExtensionConst.h */,
				ED6B2DC71DC1D50300AB2AF8 /* MJExtensionConst.m */,
				ED6B2DC81DC1D50300AB2AF8 /* MJFoundation.h */,
				ED6B2DC91DC1D50300AB2AF8 /* MJFoundation.m */,
				ED6B2DCA1DC1D50300AB2AF8 /* MJProperty.h */,
				ED6B2DCB1DC1D50300AB2AF8 /* MJProperty.m */,
				ED6B2DCC1DC1D50300AB2AF8 /* MJPropertyKey.h */,
				ED6B2DCD1DC1D50300AB2AF8 /* MJPropertyKey.m */,
				ED6B2DCE1DC1D50300AB2AF8 /* MJPropertyType.h */,
				ED6B2DCF1DC1D50300AB2AF8 /* MJPropertyType.m */,
				ED6B2DD01DC1D50300AB2AF8 /* NSObject+MJClass.h */,
				ED6B2DD11DC1D50300AB2AF8 /* NSObject+MJClass.m */,
				ED6B2DD21DC1D50300AB2AF8 /* NSObject+MJCoding.h */,
				ED6B2DD31DC1D50300AB2AF8 /* NSObject+MJCoding.m */,
				ED6B2DD41DC1D50300AB2AF8 /* NSObject+MJKeyValue.h */,
				ED6B2DD51DC1D50300AB2AF8 /* NSObject+MJKeyValue.m */,
				ED6B2DD61DC1D50300AB2AF8 /* NSObject+MJProperty.h */,
				ED6B2DD71DC1D50300AB2AF8 /* NSObject+MJProperty.m */,
				ED6B2DD81DC1D50300AB2AF8 /* NSString+MJExtension.h */,
				ED6B2DD91DC1D50300AB2AF8 /* NSString+MJExtension.m */,
			);
			path = MJExtension;
			sourceTree = "<group>";
		};
		EDF726F51DC034C4006E6DF1 = {
			isa = PBXGroup;
			children = (
				EDF727001DC034C4006E6DF1 /* XBHttpHandle */,
				EDF726FF1DC034C4006E6DF1 /* Products */,
			);
			sourceTree = "<group>";
		};
		EDF726FF1DC034C4006E6DF1 /* Products */ = {
			isa = PBXGroup;
			children = (
				EDF726FE1DC034C4006E6DF1 /* XBHttpHandle.app */,
			);
			name = Products;
			sourceTree = "<group>";
		};
		EDF727001DC034C4006E6DF1 /* XBHttpHandle */ = {
			isa = PBXGroup;
			children = (
				ED6B2DC41DC1D50300AB2AF8 /* MJExtension */,
				EDF727181DC034CF006E6DF1 /* XBHttpHandle */,
				EDF727041DC034C4006E6DF1 /* AppDelegate.h */,
				EDF727051DC034C4006E6DF1 /* AppDelegate.m */,
				EDF727071DC034C4006E6DF1 /* ViewController.h */,
				EDF727081DC034C4006E6DF1 /* ViewController.m */,
				EDF7270A1DC034C4006E6DF1 /* Main.storyboard */,
				EDF7270D1DC034C4006E6DF1 /* Assets.xcassets */,
				EDF7270F1DC034C4006E6DF1 /* LaunchScreen.storyboard */,
				EDF727121DC034C4006E6DF1 /* Info.plist */,
				EDF727011DC034C4006E6DF1 /* Supporting Files */,
				EDF7274D1DC0CB9E006E6DF1 /* XBViewController.h */,
				EDF7274E1DC0CB9E006E6DF1 /* XBViewController.m */,
				EDF7274F1DC0CB9E006E6DF1 /* XBViewController.xib */,
				ED6B2DE41DC1D52300AB2AF8 /* XBTestModel.h */,
				ED6B2DE51DC1D52300AB2AF8 /* XBTestModel.m */,
			);
			path = XBHttpHandle;
			sourceTree = "<group>";
		};
		EDF727011DC034C4006E6DF1 /* Supporting Files */ = {
			isa = PBXGroup;
			children = (
				EDF727021DC034C4006E6DF1 /* main.m */,
			);
			name = "Supporting Files";
			sourceTree = "<group>";
		};
		EDF727181DC034CF006E6DF1 /* XBHttpHandle */ = {
			isa = PBXGroup;
			children = (
				EDF727191DC034E7006E6DF1 /* XBHttpHandle.h */,
				EDF7271A1DC034E7006E6DF1 /* XBHttpHandle.m */,
				EDF7271C1DC04D83006E6DF1 /* XBHttpHandleDownTaskModel.h */,
				EDF7271D1DC04D83006E6DF1 /* XBHttpHandleDownTaskModel.m */,
			);
			name = XBHttpHandle;
			sourceTree = "<group>";
		};
/* End PBXGroup section */

/* Begin PBXNativeTarget section */
		EDF726FD1DC034C4006E6DF1 /* XBHttpHandle */ = {
			isa = PBXNativeTarget;
			buildConfigurationList = EDF727151DC034C4006E6DF1 /* Build configuration list for PBXNativeTarget "XBHttpHandle" */;
			buildPhases = (
				EDF726FA1DC034C4006E6DF1 /* Sources */,
				EDF726FB1DC034C4006E6DF1 /* Frameworks */,
				EDF726FC1DC034C4006E6DF1 /* Resources */,
			);
			buildRules = (
			);
			dependencies = (
			);
			name = XBHttpHandle;
			productName = XBHttpHandle;
			productReference = EDF726FE1DC034C4006E6DF1 /* XBHttpHandle.app */;
			productType = "com.apple.product-type.application";
		};
/* End PBXNativeTarget section */

/* Begin PBXProject section */
		EDF726F61DC034C4006E6DF1 /* Project object */ = {
			isa = PBXProject;
			attributes = {
				LastUpgradeCheck = 0800;
				ORGANIZATIONNAME = chuango;
				TargetAttributes = {
					EDF726FD1DC034C4006E6DF1 = {
						CreatedOnToolsVersion = 8.0;
						DevelopmentTeam = RGKKCWSWB9;
						ProvisioningStyle = Automatic;
					};
				};
			};
			buildConfigurationList = EDF726F91DC034C4006E6DF1 /* Build configuration list for PBXProject "XBHttpHandle" */;
			compatibilityVersion = "Xcode 3.2";
			developmentRegion = English;
			hasScannedForEncodings = 0;
			knownRegions = (
				en,
				Base,
			);
			mainGroup = EDF726F51DC034C4006E6DF1;
			productRefGroup = EDF726FF1DC034C4006E6DF1 /* Products */;
			projectDirPath = "";
			projectRoot = "";
			targets = (
				EDF726FD1DC034C4006E6DF1 /* XBHttpHandle */,
			);
		};
/* End PBXProject section */

/* Begin PBXResourcesBuildPhase section */
		EDF726FC1DC034C4006E6DF1 /* Resources */ = {
			isa = PBXResourcesBuildPhase;
			buildActionMask = 2147483647;
			files = (
				EDF727111DC034C4006E6DF1 /* LaunchScreen.storyboard in Resources */,
				EDF7270E1DC034C4006E6DF1 /* Assets.xcassets in Resources */,
				EDF727511DC0CB9E006E6DF1 /* XBViewController.xib in Resources */,
				EDF7270C1DC034C4006E6DF1 /* Main.storyboard in Resources */,
			);
			runOnlyForDeploymentPostprocessing = 0;
		};
/* End PBXResourcesBuildPhase section */

/* Begin PBXSourcesBuildPhase section */
		EDF726FA1DC034C4006E6DF1 /* Sources */ = {
			isa = PBXSourcesBuildPhase;
			buildActionMask = 2147483647;
			files = (
				EDF727091DC034C4006E6DF1 /* ViewController.m in Sources */,
				EDF7271E1DC04D83006E6DF1 /* XBHttpHandleDownTaskModel.m in Sources */,
				ED6B2DDA1DC1D50300AB2AF8 /* MJExtensionConst.m in Sources */,
				EDF727501DC0CB9E006E6DF1 /* XBViewController.m in Sources */,
				ED6B2DE61DC1D52300AB2AF8 /* XBTestModel.m in Sources */,
				ED6B2DDC1DC1D50300AB2AF8 /* MJProperty.m in Sources */,
				ED6B2DDE1DC1D50300AB2AF8 /* MJPropertyType.m in Sources */,
				EDF727061DC034C4006E6DF1 /* AppDelegate.m in Sources */,
				ED6B2DE21DC1D50300AB2AF8 /* NSObject+MJProperty.m in Sources */,
				ED6B2DE31DC1D50300AB2AF8 /* NSString+MJExtension.m in Sources */,
				ED6B2DE01DC1D50300AB2AF8 /* NSObject+MJCoding.m in Sources */,
				EDF727031DC034C4006E6DF1 /* main.m in Sources */,
				ED6B2DDD1DC1D50300AB2AF8 /* MJPropertyKey.m in Sources */,
				ED6B2DE11DC1D50300AB2AF8 /* NSObject+MJKeyValue.m in Sources */,
				ED6B2DDF1DC1D50300AB2AF8 /* NSObject+MJClass.m in Sources */,
				EDF7271B1DC034E7006E6DF1 /* XBHttpHandle.m in Sources */,
				ED6B2DDB1DC1D50300AB2AF8 /* MJFoundation.m in Sources */,
			);
			runOnlyForDeploymentPostprocessing = 0;
		};
/* End PBXSourcesBuildPhase section */

/* Begin PBXVariantGroup section */
		EDF7270A1DC034C4006E6DF1 /* Main.storyboard */ = {
			isa = PBXVariantGroup;
			children = (
				EDF7270B1DC034C4006E6DF1 /* Base */,
			);
			name = Main.storyboard;
			sourceTree = "<group>";
		};
		EDF7270F1DC034C4006E6DF1 /* LaunchScreen.storyboard */ = {
			isa = PBXVariantGroup;
			children = (
				EDF727101DC034C4006E6DF1 /* Base */,
			);
			name = LaunchScreen.storyboard;
			sourceTree = "<group>";
		};
/* End PBXVariantGroup section */

/* Begin XCBuildConfiguration section */
		EDF727131DC034C4006E6DF1 /* Debug */ = {
			isa = XCBuildConfiguration;
			buildSettings = {
				ALWAYS_SEARCH_USER_PATHS = NO;
				CLANG_ANALYZER_NONNULL = YES;
				CLANG_CXX_LANGUAGE_STANDARD = "gnu++0x";
				CLANG_CXX_LIBRARY = "libc++";
				CLANG_ENABLE_MODULES = YES;
				CLANG_ENABLE_OBJC_ARC = YES;
				CLANG_WARN_BOOL_CONVERSION = YES;
				CLANG_WARN_CONSTANT_CONVERSION = YES;
				CLANG_WARN_DIRECT_OBJC_ISA_USAGE = YES_ERROR;
				CLANG_WARN_DOCUMENTATION_COMMENTS = YES;
				CLANG_WARN_EMPTY_BODY = YES;
				CLANG_WARN_ENUM_CONVERSION = YES;
				CLANG_WARN_INFINITE_RECURSION = YES;
				CLANG_WARN_INT_CONVERSION = YES;
				CLANG_WARN_OBJC_ROOT_CLASS = YES_ERROR;
				CLANG_WARN_SUSPICIOUS_MOVES = YES;
				CLANG_WARN_UNREACHABLE_CODE = YES;
				CLANG_WARN__DUPLICATE_METHOD_MATCH = YES;
				"CODE_SIGN_IDENTITY[sdk=iphoneos*]" = "iPhone Developer";
				COPY_PHASE_STRIP = NO;
				DEBUG_INFORMATION_FORMAT = dwarf;
				ENABLE_STRICT_OBJC_MSGSEND = YES;
				ENABLE_TESTABILITY = YES;
				GCC_C_LANGUAGE_STANDARD = gnu99;
				GCC_DYNAMIC_NO_PIC = NO;
				GCC_NO_COMMON_BLOCKS = YES;
				GCC_OPTIMIZATION_LEVEL = 0;
				GCC_PREPROCESSOR_DEFINITIONS = (
					"DEBUG=1",
					"$(inherited)",
				);
				GCC_WARN_64_TO_32_BIT_CONVERSION = YES;
				GCC_WARN_ABOUT_RETURN_TYPE = YES_ERROR;
				GCC_WARN_UNDECLARED_SELECTOR = YES;
				GCC_WARN_UNINITIALIZED_AUTOS = YES_AGGRESSIVE;
				GCC_WARN_UNUSED_FUNCTION = YES;
				GCC_WARN_UNUSED_VARIABLE = YES;
				IPHONEOS_DEPLOYMENT_TARGET = 10.0;
				MTL_ENABLE_DEBUG_INFO = YES;
				ONLY_ACTIVE_ARCH = YES;
				SDKROOT = iphoneos;
			};
			name = Debug;
		};
		EDF727141DC034C4006E6DF1 /* Release */ = {
			isa = XCBuildConfiguration;
			buildSettings = {
				ALWAYS_SEARCH_USER_PATHS = NO;
				CLANG_ANALYZER_NONNULL = YES;
				CLANG_CXX_LANGUAGE_STANDARD = "gnu++0x";
				CLANG_CXX_LIBRARY = "libc++";
				CLANG_ENABLE_MODULES = YES;
				CLANG_ENABLE_OBJC_ARC = YES;
				CLANG_WARN_BOOL_CONVERSION = YES;
				CLANG_WARN_CONSTANT_CONVERSION = YES;
				CLANG_WARN_DIRECT_OBJC_ISA_USAGE = YES_ERROR;
				CLANG_WARN_DOCUMENTATION_COMMENTS = YES;
				CLANG_WARN_EMPTY_BODY = YES;
				CLANG_WARN_ENUM_CONVERSION = YES;
				CLANG_WARN_INFINITE_RECURSION = YES;
				CLANG_WARN_INT_CONVERSION = YES;
				CLANG_WARN_OBJC_ROOT_CLASS = YES_ERROR;
				CLANG_WARN_SUSPICIOUS_MOVES = YES;
				CLANG_WARN_UNREACHABLE_CODE = YES;
				CLANG_WARN__DUPLICATE_METHOD_MATCH = YES;
				"CODE_SIGN_IDENTITY[sdk=iphoneos*]" = "iPhone Developer";
				COPY_PHASE_STRIP = NO;
				DEBUG_INFORMATION_FORMAT = "dwarf-with-dsym";
				ENABLE_NS_ASSERTIONS = NO;
				ENABLE_STRICT_OBJC_MSGSEND = YES;
				GCC_C_LANGUAGE_STANDARD = gnu99;
				GCC_NO_COMMON_BLOCKS = YES;
				GCC_WARN_64_TO_32_BIT_CONVERSION = YES;
				GCC_WARN_ABOUT_RETURN_TYPE = YES_ERROR;
				GCC_WARN_UNDECLARED_SELECTOR = YES;
				GCC_WARN_UNINITIALIZED_AUTOS = YES_AGGRESSIVE;
				GCC_WARN_UNUSED_FUNCTION = YES;
				GCC_WARN_UNUSED_VARIABLE = YES;
				IPHONEOS_DEPLOYMENT_TARGET = 10.0;
				MTL_ENABLE_DEBUG_INFO = NO;
				SDKROOT = iphoneos;
				VALIDATE_PRODUCT = YES;
			};
			name = Release;
		};
		EDF727161DC034C4006E6DF1 /* Debug */ = {
			isa = XCBuildConfiguration;
			buildSettings = {
				ASSETCATALOG_COMPILER_APPICON_NAME = AppIcon;
				DEVELOPMENT_TEAM = RGKKCWSWB9;
				INFOPLIST_FILE = XBHttpHandle/Info.plist;
				IPHONEOS_DEPLOYMENT_TARGET = 9.0;
				LD_RUNPATH_SEARCH_PATHS = "$(inherited) @executable_path/Frameworks";
				PRODUCT_BUNDLE_IDENTIFIER = com.chuango.XBHttpHandle;
				PRODUCT_NAME = "$(TARGET_NAME)";
			};
			name = Debug;
		};
		EDF727171DC034C4006E6DF1 /* Release */ = {
			isa = XCBuildConfiguration;
			buildSettings = {
				ASSETCATALOG_COMPILER_APPICON_NAME = AppIcon;
				DEVELOPMENT_TEAM = RGKKCWSWB9;
				INFOPLIST_FILE = XBHttpHandle/Info.plist;
				IPHONEOS_DEPLOYMENT_TARGET = 9.0;
				LD_RUNPATH_SEARCH_PATHS = "$(inherited) @executable_path/Frameworks";
				PRODUCT_BUNDLE_IDENTIFIER = com.chuango.XBHttpHandle;
				PRODUCT_NAME = "$(TARGET_NAME)";
			};
			name = Release;
		};
/* End XCBuildConfiguration section */

/* Begin XCConfigurationList section */
		EDF726F91DC034C4006E6DF1 /* Build configuration list for PBXProject "XBHttpHandle" */ = {
			isa = XCConfigurationList;
			buildConfigurations = (
				EDF727131DC034C4006E6DF1 /* Debug */,
				EDF727141DC034C4006E6DF1 /* Release */,
			);
			defaultConfigurationIsVisible = 0;
			defaultConfigurationName = Release;
		};
		EDF727151DC034C4006E6DF1 /* Build configuration list for PBXNativeTarget "XBHttpHandle" */ = {
			isa = XCConfigurationList;
			buildConfigurations = (
				EDF727161DC034C4006E6DF1 /* Debug */,
				EDF727171DC034C4006E6DF1 /* Release */,
			);
			defaultConfigurationIsVisible = 0;
			defaultConfigurationName = Release;
		};
/* End XCConfigurationList section */
	};
	rootObject = EDF726F61DC034C4006E6DF1 /* Project object */;
}
